
Microsoft Visual Studio Solution File, Format Version 12.00
# TcXaeShell Solution File, Format Version 11.00
VisualStudioVersion = 17.7.34302.85
MinimumVisualStudioVersion = 10.0.40219.1
Project("{DFBE7525-6864-4E62-8B2E-D530D69D9D96}") = "core", "src\main\twincat\core.tspproj", "{DF3B388D-692D-4BC2-B713-88FB431BC290}"
EndProject
Project("{B1E792BE-AA5F-4E3C-8C82-674BF9C0715B}") = "core-test", "src\test\twincat\core-test.tsproj", "{ABC4D151-7000-491E-8D47-35D212234A31}"
EndProject
Global
	GlobalSection(SolutionConfigurationPlatforms) = preSolution
		Debug|TwinCAT OS (ARMV7-A) = Debug|TwinCAT OS (ARMV7-A)
		Debug|TwinCAT OS (ARMV7-M) = Debug|TwinCAT OS (ARMV7-M)
		Debug|TwinCAT OS (ARMV8-A) = Debug|TwinCAT OS (ARMV8-A)
		Debug|TwinCAT OS (x64) = Debug|TwinCAT OS (x64)
		Debug|TwinCAT RT (x64) = Debug|TwinCAT RT (x64)
		Debug|TwinCAT RT (x86) = Debug|TwinCAT RT (x86)
		Release|TwinCAT OS (ARMV7-A) = Release|TwinCAT OS (ARMV7-A)
		Release|TwinCAT OS (ARMV7-M) = Release|TwinCAT OS (ARMV7-M)
		Release|TwinCAT OS (ARMV8-A) = Release|TwinCAT OS (ARMV8-A)
		Release|TwinCAT OS (x64) = Release|TwinCAT OS (x64)
		Release|TwinCAT RT (x64) = Release|TwinCAT RT (x64)
		Release|TwinCAT RT (x86) = Release|TwinCAT RT (x86)
	EndGlobalSection
	GlobalSection(ProjectConfigurationPlatforms) = postSolution
		{DF3B388D-692D-4BC2-B713-88FB431BC290}.Debug|TwinCAT OS (ARMV7-A).ActiveCfg = Debug|TwinCAT OS (ARMV7-A)
		{DF3B388D-692D-4BC2-B713-88FB431BC290}.Debug|TwinCAT OS (ARMV7-A).Build.0 = Debug|TwinCAT OS (ARMV7-A)
		{DF3B388D-692D-4BC2-B713-88FB431BC290}.Debug|TwinCAT OS (ARMV7-M).ActiveCfg = Debug|TwinCAT OS (ARMV7-M)
		{DF3B388D-692D-4BC2-B713-88FB431BC290}.Debug|TwinCAT OS (ARMV7-M).Build.0 = Debug|TwinCAT OS (ARMV7-M)
		{DF3B388D-692D-4BC2-B713-88FB431BC290}.Debug|TwinCAT OS (ARMV8-A).ActiveCfg = Debug|TwinCAT OS (ARMV8-A)
		{DF3B388D-692D-4BC2-B713-88FB431BC290}.Debug|TwinCAT OS (ARMV8-A).Build.0 = Debug|TwinCAT OS (ARMV8-A)
		{DF3B388D-692D-4BC2-B713-88FB431BC290}.Debug|TwinCAT OS (x64).ActiveCfg = Debug|TwinCAT OS (x64)
		{DF3B388D-692D-4BC2-B713-88FB431BC290}.Debug|TwinCAT OS (x64).Build.0 = Debug|TwinCAT OS (x64)
		{DF3B388D-692D-4BC2-B713-88FB431BC290}.Debug|TwinCAT RT (x64).ActiveCfg = Debug|TwinCAT RT (x64)
		{DF3B388D-692D-4BC2-B713-88FB431BC290}.Debug|TwinCAT RT (x64).Build.0 = Debug|TwinCAT RT (x64)
		{DF3B388D-692D-4BC2-B713-88FB431BC290}.Debug|TwinCAT RT (x86).ActiveCfg = Debug|TwinCAT RT (x86)
		{DF3B388D-692D-4BC2-B713-88FB431BC290}.Debug|TwinCAT RT (x86).Build.0 = Debug|TwinCAT RT (x86)
		{DF3B388D-692D-4BC2-B713-88FB431BC290}.Release|TwinCAT OS (ARMV7-A).ActiveCfg = Release|TwinCAT OS (ARMV7-A)
		{DF3B388D-692D-4BC2-B713-88FB431BC290}.Release|TwinCAT OS (ARMV7-A).Build.0 = Release|TwinCAT OS (ARMV7-A)
		{DF3B388D-692D-4BC2-B713-88FB431BC290}.Release|TwinCAT OS (ARMV7-M).ActiveCfg = Release|TwinCAT OS (ARMV7-M)
		{DF3B388D-692D-4BC2-B713-88FB431BC290}.Release|TwinCAT OS (ARMV7-M).Build.0 = Release|TwinCAT OS (ARMV7-M)
		{DF3B388D-692D-4BC2-B713-88FB431BC290}.Release|TwinCAT OS (ARMV8-A).ActiveCfg = Release|TwinCAT OS (ARMV8-A)
		{DF3B388D-692D-4BC2-B713-88FB431BC290}.Release|TwinCAT OS (ARMV8-A).Build.0 = Release|TwinCAT OS (ARMV8-A)
		{DF3B388D-692D-4BC2-B713-88FB431BC290}.Release|TwinCAT OS (x64).ActiveCfg = Release|TwinCAT OS (x64)
		{DF3B388D-692D-4BC2-B713-88FB431BC290}.Release|TwinCAT OS (x64).Build.0 = Release|TwinCAT OS (x64)
		{DF3B388D-692D-4BC2-B713-88FB431BC290}.Release|TwinCAT RT (x64).ActiveCfg = Release|TwinCAT RT (x64)
		{DF3B388D-692D-4BC2-B713-88FB431BC290}.Release|TwinCAT RT (x64).Build.0 = Release|TwinCAT RT (x64)
		{DF3B388D-692D-4BC2-B713-88FB431BC290}.Release|TwinCAT RT (x86).ActiveCfg = Release|TwinCAT RT (x86)
		{DF3B388D-692D-4BC2-B713-88FB431BC290}.Release|TwinCAT RT (x86).Build.0 = Release|TwinCAT RT (x86)
		{2345B436-8030-4527-ACAC-3FA1229555D9}.Debug|TwinCAT OS (ARMV7-A).ActiveCfg = Debug|TwinCAT OS (ARMV7-A)
		{2345B436-8030-4527-ACAC-3FA1229555D9}.Debug|TwinCAT OS (ARMV7-A).Build.0 = Debug|TwinCAT OS (ARMV7-A)
		{2345B436-8030-4527-ACAC-3FA1229555D9}.Debug|TwinCAT OS (ARMV7-M).ActiveCfg = Debug|TwinCAT OS (ARMV7-M)
		{2345B436-8030-4527-ACAC-3FA1229555D9}.Debug|TwinCAT OS (ARMV7-M).Build.0 = Debug|TwinCAT OS (ARMV7-M)
		{2345B436-8030-4527-ACAC-3FA1229555D9}.Debug|TwinCAT OS (ARMV8-A).ActiveCfg = Debug|TwinCAT OS (ARMV8-A)
		{2345B436-8030-4527-ACAC-3FA1229555D9}.Debug|TwinCAT OS (ARMV8-A).Build.0 = Debug|TwinCAT OS (ARMV8-A)
		{2345B436-8030-4527-ACAC-3FA1229555D9}.Debug|TwinCAT OS (x64).ActiveCfg = Debug|TwinCAT OS (x64)
		{2345B436-8030-4527-ACAC-3FA1229555D9}.Debug|TwinCAT OS (x64).Build.0 = Debug|TwinCAT OS (x64)
		{2345B436-8030-4527-ACAC-3FA1229555D9}.Debug|TwinCAT RT (x64).ActiveCfg = Debug|TwinCAT RT (x64)
		{2345B436-8030-4527-ACAC-3FA1229555D9}.Debug|TwinCAT RT (x64).Build.0 = Debug|TwinCAT RT (x64)
		{2345B436-8030-4527-ACAC-3FA1229555D9}.Debug|TwinCAT RT (x86).ActiveCfg = Debug|TwinCAT RT (x86)
		{2345B436-8030-4527-ACAC-3FA1229555D9}.Debug|TwinCAT RT (x86).Build.0 = Debug|TwinCAT RT (x86)
		{2345B436-8030-4527-ACAC-3FA1229555D9}.Release|TwinCAT OS (ARMV7-A).ActiveCfg = Release|TwinCAT OS (ARMV7-A)
		{2345B436-8030-4527-ACAC-3FA1229555D9}.Release|TwinCAT OS (ARMV7-A).Build.0 = Release|TwinCAT OS (ARMV7-A)
		{2345B436-8030-4527-ACAC-3FA1229555D9}.Release|TwinCAT OS (ARMV7-M).ActiveCfg = Release|TwinCAT OS (ARMV7-M)
		{2345B436-8030-4527-ACAC-3FA1229555D9}.Release|TwinCAT OS (ARMV7-M).Build.0 = Release|TwinCAT OS (ARMV7-M)
		{2345B436-8030-4527-ACAC-3FA1229555D9}.Release|TwinCAT OS (ARMV8-A).ActiveCfg = Release|TwinCAT OS (ARMV8-A)
		{2345B436-8030-4527-ACAC-3FA1229555D9}.Release|TwinCAT OS (ARMV8-A).Build.0 = Release|TwinCAT OS (ARMV8-A)
		{2345B436-8030-4527-ACAC-3FA1229555D9}.Release|TwinCAT OS (x64).ActiveCfg = Release|TwinCAT OS (x64)
		{2345B436-8030-4527-ACAC-3FA1229555D9}.Release|TwinCAT OS (x64).Build.0 = Release|TwinCAT OS (x64)
		{2345B436-8030-4527-ACAC-3FA1229555D9}.Release|TwinCAT RT (x64).ActiveCfg = Release|TwinCAT RT (x64)
		{2345B436-8030-4527-ACAC-3FA1229555D9}.Release|TwinCAT RT (x64).Build.0 = Release|TwinCAT RT (x64)
		{2345B436-8030-4527-ACAC-3FA1229555D9}.Release|TwinCAT RT (x86).ActiveCfg = Release|TwinCAT RT (x86)
		{2345B436-8030-4527-ACAC-3FA1229555D9}.Release|TwinCAT RT (x86).Build.0 = Release|TwinCAT RT (x86)
		{ABC4D151-7000-491E-8D47-35D212234A31}.Debug|TwinCAT OS (ARMV7-A).ActiveCfg = Debug|TwinCAT OS (ARMV7-A)
		{ABC4D151-7000-491E-8D47-35D212234A31}.Debug|TwinCAT OS (ARMV7-A).Build.0 = Debug|TwinCAT OS (ARMV7-A)
		{ABC4D151-7000-491E-8D47-35D212234A31}.Debug|TwinCAT OS (ARMV7-M).ActiveCfg = Debug|TwinCAT OS (ARMV7-M)
		{ABC4D151-7000-491E-8D47-35D212234A31}.Debug|TwinCAT OS (ARMV7-M).Build.0 = Debug|TwinCAT OS (ARMV7-M)
		{ABC4D151-7000-491E-8D47-35D212234A31}.Debug|TwinCAT OS (ARMV8-A).ActiveCfg = Debug|TwinCAT OS (ARMV8-A)
		{ABC4D151-7000-491E-8D47-35D212234A31}.Debug|TwinCAT OS (ARMV8-A).Build.0 = Debug|TwinCAT OS (ARMV8-A)
		{ABC4D151-7000-491E-8D47-35D212234A31}.Debug|TwinCAT OS (x64).ActiveCfg = Debug|TwinCAT OS (x64)
		{ABC4D151-7000-491E-8D47-35D212234A31}.Debug|TwinCAT OS (x64).Build.0 = Debug|TwinCAT OS (x64)
		{ABC4D151-7000-491E-8D47-35D212234A31}.Debug|TwinCAT RT (x64).ActiveCfg = Debug|TwinCAT RT (x64)
		{ABC4D151-7000-491E-8D47-35D212234A31}.Debug|TwinCAT RT (x64).Build.0 = Debug|TwinCAT RT (x64)
		{ABC4D151-7000-491E-8D47-35D212234A31}.Debug|TwinCAT RT (x86).ActiveCfg = Debug|TwinCAT RT (x86)
		{ABC4D151-7000-491E-8D47-35D212234A31}.Debug|TwinCAT RT (x86).Build.0 = Debug|TwinCAT RT (x86)
		{ABC4D151-7000-491E-8D47-35D212234A31}.Release|TwinCAT OS (ARMV7-A).ActiveCfg = Release|TwinCAT OS (ARMV7-A)
		{ABC4D151-7000-491E-8D47-35D212234A31}.Release|TwinCAT OS (ARMV7-A).Build.0 = Release|TwinCAT OS (ARMV7-A)
		{ABC4D151-7000-491E-8D47-35D212234A31}.Release|TwinCAT OS (ARMV7-M).ActiveCfg = Release|TwinCAT OS (ARMV7-M)
		{ABC4D151-7000-491E-8D47-35D212234A31}.Release|TwinCAT OS (ARMV7-M).Build.0 = Release|TwinCAT OS (ARMV7-M)
		{ABC4D151-7000-491E-8D47-35D212234A31}.Release|TwinCAT OS (ARMV8-A).ActiveCfg = Release|TwinCAT OS (ARMV8-A)
		{ABC4D151-7000-491E-8D47-35D212234A31}.Release|TwinCAT OS (ARMV8-A).Build.0 = Release|TwinCAT OS (ARMV8-A)
		{ABC4D151-7000-491E-8D47-35D212234A31}.Release|TwinCAT OS (x64).ActiveCfg = Release|TwinCAT OS (x64)
		{ABC4D151-7000-491E-8D47-35D212234A31}.Release|TwinCAT OS (x64).Build.0 = Release|TwinCAT OS (x64)
		{ABC4D151-7000-491E-8D47-35D212234A31}.Release|TwinCAT RT (x64).ActiveCfg = Release|TwinCAT RT (x64)
		{ABC4D151-7000-491E-8D47-35D212234A31}.Release|TwinCAT RT (x64).Build.0 = Release|TwinCAT RT (x64)
		{ABC4D151-7000-491E-8D47-35D212234A31}.Release|TwinCAT RT (x86).ActiveCfg = Release|TwinCAT RT (x86)
		{ABC4D151-7000-491E-8D47-35D212234A31}.Release|TwinCAT RT (x86).Build.0 = Release|TwinCAT RT (x86)
		{17AAEABE-F027-4E5C-A806-D6947B2BC638}.Debug|TwinCAT OS (ARMV7-A).ActiveCfg = Debug|TwinCAT OS (ARMV7-A)
		{17AAEABE-F027-4E5C-A806-D6947B2BC638}.Debug|TwinCAT OS (ARMV7-A).Build.0 = Debug|TwinCAT OS (ARMV7-A)
		{17AAEABE-F027-4E5C-A806-D6947B2BC638}.Debug|TwinCAT OS (ARMV7-M).ActiveCfg = Debug|TwinCAT OS (ARMV7-M)
		{17AAEABE-F027-4E5C-A806-D6947B2BC638}.Debug|TwinCAT OS (ARMV7-M).Build.0 = Debug|TwinCAT OS (ARMV7-M)
		{17AAEABE-F027-4E5C-A806-D6947B2BC638}.Debug|TwinCAT OS (ARMV8-A).ActiveCfg = Debug|TwinCAT OS (ARMV8-A)
		{17AAEABE-F027-4E5C-A806-D6947B2BC638}.Debug|TwinCAT OS (ARMV8-A).Build.0 = Debug|TwinCAT OS (ARMV8-A)
		{17AAEABE-F027-4E5C-A806-D6947B2BC638}.Debug|TwinCAT OS (x64).ActiveCfg = Debug|TwinCAT OS (x64)
		{17AAEABE-F027-4E5C-A806-D6947B2BC638}.Debug|TwinCAT OS (x64).Build.0 = Debug|TwinCAT OS (x64)
		{17AAEABE-F027-4E5C-A806-D6947B2BC638}.Debug|TwinCAT RT (x64).ActiveCfg = Debug|TwinCAT RT (x64)
		{17AAEABE-F027-4E5C-A806-D6947B2BC638}.Debug|TwinCAT RT (x64).Build.0 = Debug|TwinCAT RT (x64)
		{17AAEABE-F027-4E5C-A806-D6947B2BC638}.Debug|TwinCAT RT (x86).ActiveCfg = Debug|TwinCAT RT (x86)
		{17AAEABE-F027-4E5C-A806-D6947B2BC638}.Debug|TwinCAT RT (x86).Build.0 = Debug|TwinCAT RT (x86)
		{17AAEABE-F027-4E5C-A806-D6947B2BC638}.Release|TwinCAT OS (ARMV7-A).ActiveCfg = Release|TwinCAT OS (ARMV7-A)
		{17AAEABE-F027-4E5C-A806-D6947B2BC638}.Release|TwinCAT OS (ARMV7-A).Build.0 = Release|TwinCAT OS (ARMV7-A)
		{17AAEABE-F027-4E5C-A806-D6947B2BC638}.Release|TwinCAT OS (ARMV7-M).ActiveCfg = Release|TwinCAT OS (ARMV7-M)
		{17AAEABE-F027-4E5C-A806-D6947B2BC638}.Release|TwinCAT OS (ARMV7-M).Build.0 = Release|TwinCAT OS (ARMV7-M)
		{17AAEABE-F027-4E5C-A806-D6947B2BC638}.Release|TwinCAT OS (ARMV8-A).ActiveCfg = Release|TwinCAT OS (ARMV8-A)
		{17AAEABE-F027-4E5C-A806-D6947B2BC638}.Release|TwinCAT OS (ARMV8-A).Build.0 = Release|TwinCAT OS (ARMV8-A)
		{17AAEABE-F027-4E5C-A806-D6947B2BC638}.Release|TwinCAT OS (x64).ActiveCfg = Release|TwinCAT OS (x64)
		{17AAEABE-F027-4E5C-A806-D6947B2BC638}.Release|TwinCAT OS (x64).Build.0 = Release|TwinCAT OS (x64)
		{17AAEABE-F027-4E5C-A806-D6947B2BC638}.Release|TwinCAT RT (x64).ActiveCfg = Release|TwinCAT RT (x64)
		{17AAEABE-F027-4E5C-A806-D6947B2BC638}.Release|TwinCAT RT (x64).Build.0 = Release|TwinCAT RT (x64)
		{17AAEABE-F027-4E5C-A806-D6947B2BC638}.Release|TwinCAT RT (x86).ActiveCfg = Release|TwinCAT RT (x86)
		{17AAEABE-F027-4E5C-A806-D6947B2BC638}.Release|TwinCAT RT (x86).Build.0 = Release|TwinCAT RT (x86)
	EndGlobalSection
	GlobalSection(SolutionProperties) = preSolution
		HideSolutionNode = FALSE
	EndGlobalSection
	GlobalSection(ExtensibilityGlobals) = postSolution
		SolutionGuid = {B7461AD3-3887-4E63-8028-1B8C6870239D}
	EndGlobalSection
EndGlobal
